
Microsoft Visual Studio Solution File, Format Version 12.00
# Visual Studio 15
VisualStudioVersion = 15.0.26124.0
MinimumVisualStudioVersion = 15.0.26124.0
Project("{2150E333-8FDC-42A3-9474-1A3956D46DE8}") = "MSBuild", "MSBuild", "{E5874D0D-A891-4D2B-8B69-BA93BB5FBB18}"
EndProject
Project("{FAE04EC0-301F-11D3-BF4B-00C04F79EFBC}") = "CMake", "MSBuild\CMake\CMake.csproj", "{260B5CE9-5CA1-4E40-B23F-848CEC02FCF8}"
EndProject
Project("{FAE04EC0-301F-11D3-BF4B-00C04F79EFBC}") = "CSharpServerLynx", "MSBuild\CSharpServerLynx\CSharpServerLynx.csproj", "{E3A5C5CA-5878-49B3-90C1-BBB0FC08A956}"
EndProject
Project("{FAE04EC0-301F-11D3-BF4B-00C04F79EFBC}") = "CSharpServerLynxTests", "MSBuild\CSharpServerLynxTests\CSharpServerLynxTests.csproj", "{DF6E374D-E2C9-4434-93A1-948326486D1E}"
EndProject
Global
	GlobalSection(SolutionConfigurationPlatforms) = preSolution
		Debug|Any CPU = Debug|Any CPU
		Debug|x64 = Debug|x64
		Debug|x86 = Debug|x86
		Release|Any CPU = Release|Any CPU
		Release|x64 = Release|x64
		Release|x86 = Release|x86
	EndGlobalSection
	GlobalSection(SolutionProperties) = preSolution
		HideSolutionNode = FALSE
	EndGlobalSection
	GlobalSection(ProjectConfigurationPlatforms) = postSolution
		{260B5CE9-5CA1-4E40-B23F-848CEC02FCF8}.Debug|Any CPU.ActiveCfg = Debug|Any CPU
		{260B5CE9-5CA1-4E40-B23F-848CEC02FCF8}.Debug|Any CPU.Build.0 = Debug|Any CPU
		{260B5CE9-5CA1-4E40-B23F-848CEC02FCF8}.Debug|x64.ActiveCfg = Debug|Any CPU
		{260B5CE9-5CA1-4E40-B23F-848CEC02FCF8}.Debug|x64.Build.0 = Debug|Any CPU
		{260B5CE9-5CA1-4E40-B23F-848CEC02FCF8}.Debug|x86.ActiveCfg = Debug|Any CPU
		{260B5CE9-5CA1-4E40-B23F-848CEC02FCF8}.Debug|x86.Build.0 = Debug|Any CPU
		{260B5CE9-5CA1-4E40-B23F-848CEC02FCF8}.Release|Any CPU.ActiveCfg = Release|Any CPU
		{260B5CE9-5CA1-4E40-B23F-848CEC02FCF8}.Release|Any CPU.Build.0 = Release|Any CPU
		{260B5CE9-5CA1-4E40-B23F-848CEC02FCF8}.Release|x64.ActiveCfg = Release|Any CPU
		{260B5CE9-5CA1-4E40-B23F-848CEC02FCF8}.Release|x64.Build.0 = Release|Any CPU
		{260B5CE9-5CA1-4E40-B23F-848CEC02FCF8}.Release|x86.ActiveCfg = Release|Any CPU
		{260B5CE9-5CA1-4E40-B23F-848CEC02FCF8}.Release|x86.Build.0 = Release|Any CPU
		{E3A5C5CA-5878-49B3-90C1-BBB0FC08A956}.Debug|Any CPU.ActiveCfg = Debug|Any CPU
		{E3A5C5CA-5878-49B3-90C1-BBB0FC08A956}.Debug|Any CPU.Build.0 = Debug|Any CPU
		{E3A5C5CA-5878-49B3-90C1-BBB0FC08A956}.Debug|x64.ActiveCfg = Debug|Any CPU
		{E3A5C5CA-5878-49B3-90C1-BBB0FC08A956}.Debug|x64.Build.0 = Debug|Any CPU
		{E3A5C5CA-5878-49B3-90C1-BBB0FC08A956}.Debug|x86.ActiveCfg = Debug|Any CPU
		{E3A5C5CA-5878-49B3-90C1-BBB0FC08A956}.Debug|x86.Build.0 = Debug|Any CPU
		{E3A5C5CA-5878-49B3-90C1-BBB0FC08A956}.Release|Any CPU.ActiveCfg = Release|Any CPU
		{E3A5C5CA-5878-49B3-90C1-BBB0FC08A956}.Release|Any CPU.Build.0 = Release|Any CPU
		{E3A5C5CA-5878-49B3-90C1-BBB0FC08A956}.Release|x64.ActiveCfg = Release|Any CPU
		{E3A5C5CA-5878-49B3-90C1-BBB0FC08A956}.Release|x64.Build.0 = Release|Any CPU
		{E3A5C5CA-5878-49B3-90C1-BBB0FC08A956}.Release|x86.ActiveCfg = Release|Any CPU
		{E3A5C5CA-5878-49B3-90C1-BBB0FC08A956}.Release|x86.Build.0 = Release|Any CPU
		{DF6E374D-E2C9-4434-93A1-948326486D1E}.Debug|Any CPU.ActiveCfg = Debug|Any CPU
		{DF6E374D-E2C9-4434-93A1-948326486D1E}.Debug|Any CPU.Build.0 = Debug|Any CPU
		{DF6E374D-E2C9-4434-93A1-948326486D1E}.Debug|x64.ActiveCfg = Debug|Any CPU
		{DF6E374D-E2C9-4434-93A1-948326486D1E}.Debug|x64.Build.0 = Debug|Any CPU
		{DF6E374D-E2C9-4434-93A1-948326486D1E}.Debug|x86.ActiveCfg = Debug|Any CPU
		{DF6E374D-E2C9-4434-93A1-948326486D1E}.Debug|x86.Build.0 = Debug|Any CPU
		{DF6E374D-E2C9-4434-93A1-948326486D1E}.Release|Any CPU.ActiveCfg = Release|Any CPU
		{DF6E374D-E2C9-4434-93A1-948326486D1E}.Release|Any CPU.Build.0 = Release|Any CPU
		{DF6E374D-E2C9-4434-93A1-948326486D1E}.Release|x64.ActiveCfg = Release|Any CPU
		{DF6E374D-E2C9-4434-93A1-948326486D1E}.Release|x64.Build.0 = Release|Any CPU
		{DF6E374D-E2C9-4434-93A1-948326486D1E}.Release|x86.ActiveCfg = Release|Any CPU
		{DF6E374D-E2C9-4434-93A1-948326486D1E}.Release|x86.Build.0 = Release|Any CPU
	EndGlobalSection
	GlobalSection(NestedProjects) = preSolution
		{260B5CE9-5CA1-4E40-B23F-848CEC02FCF8} = {E5874D0D-A891-4D2B-8B69-BA93BB5FBB18}
		{E3A5C5CA-5878-49B3-90C1-BBB0FC08A956} = {E5874D0D-A891-4D2B-8B69-BA93BB5FBB18}
		{DF6E374D-E2C9-4434-93A1-948326486D1E} = {E5874D0D-A891-4D2B-8B69-BA93BB5FBB18}
	EndGlobalSection
EndGlobal
